// !$*UTF8*$!
{
	archiveVersion = 1;
	classes = {
	};
	objectVersion = 55;
	objects = {

/* Begin PBXBuildFile section */
		943DBF6D27192A5A00CA2E3A /* AppDelegate.m in Sources */ = {isa = PBXBuildFile; fileRef = 943DBF6C27192A5A00CA2E3A /* AppDelegate.m */; };
		943DBF7027192A5A00CA2E3A /* SceneDelegate.m in Sources */ = {isa = PBXBuildFile; fileRef = 943DBF6F27192A5A00CA2E3A /* SceneDelegate.m */; };
		943DBF7327192A5A00CA2E3A /* ViewController.m in Sources */ = {isa = PBXBuildFile; fileRef = 943DBF7227192A5A00CA2E3A /* ViewController.m */; };
		943DBF7627192A5A00CA2E3A /* Main.storyboard in Resources */ = {isa = PBXBuildFile; fileRef = 943DBF7427192A5A00CA2E3A /* Main.storyboard */; };
		943DBF7827192A5E00CA2E3A /* Assets.xcassets in Resources */ = {isa = PBXBuildFile; fileRef = 943DBF7727192A5E00CA2E3A /* Assets.xcassets */; };
		943DBF7B27192A5E00CA2E3A /* LaunchScreen.storyboard in Resources */ = {isa = PBXBuildFile; fileRef = 943DBF7927192A5E00CA2E3A /* LaunchScreen.storyboard */; };
		943DBF7E27192A5E00CA2E3A /* main.m in Sources */ = {isa = PBXBuildFile; fileRef = 943DBF7D27192A5E00CA2E3A /* main.m */; };
/* End PBXBuildFile section */

/* Begin PBXFileReference section */
		943DBF6827192A5A00CA2E3A /* rebase_test.app */ = {isa = PBXFileReference; explicitFileType = wrapper.application; includeInIndex = 0; path = rebase_test.app; sourceTree = BUILT_PRODUCTS_DIR; };
		943DBF6B27192A5A00CA2E3A /* AppDelegate.h */ = {isa = PBXFileReference; lastKnownFileType = sourcecode.c.h; path = AppDelegate.h; sourceTree = "<group>"; };
		943DBF6C27192A5A00CA2E3A /* AppDelegate.m */ = {isa = PBXFileReference; lastKnownFileType = sourcecode.c.objc; path = AppDelegate.m; sourceTree = "<group>"; };
		943DBF6E27192A5A00CA2E3A /* SceneDelegate.h */ = {isa = PBXFileReference; lastKnownFileType = sourcecode.c.h; path = SceneDelegate.h; sourceTree = "<group>"; };
		943DBF6F27192A5A00CA2E3A /* SceneDelegate.m */ = {isa = PBXFileReference; lastKnownFileType = sourcecode.c.objc; path = SceneDelegate.m; sourceTree = "<group>"; };
		943DBF7127192A5A00CA2E3A /* ViewController.h */ = {isa = PBXFileReference; lastKnownFileType = sourcecode.c.h; path = ViewController.h; sourceTree = "<group>"; };
		943DBF7227192A5A00CA2E3A /* ViewController.m */ = {isa = PBXFileReference; lastKnownFileType = sourcecode.c.objc; path = ViewController.m; sourceTree = "<group>"; };
		943DBF7527192A5A00CA2E3A /* Base */ = {isa = PBXFileReference; lastKnownFileType = file.storyboard; name = Base; path = Base.lproj/Main.storyboard; sourceTree = "<group>"; };
		943DBF7727192A5E00CA2E3A /* Assets.xcassets */ = {isa = PBXFileReference; lastKnownFileType = folder.assetcatalog; path = Assets.xcassets; sourceTree = "<group>"; };
		943DBF7A27192A5E00CA2E3A /* Base */ = {isa = PBXFileReference; lastKnownFileType = file.storyboard; name = Base; path = Base.lproj/LaunchScreen.storyboard; sourceTree = "<group>"; };
		943DBF7C27192A5E00CA2E3A /* Info.plist */ = {isa = PBXFileReference; lastKnownFileType = text.plist.xml; path = Info.plist; sourceTree = "<group>"; };
		943DBF7D27192A5E00CA2E3A /* main.m */ = {isa = PBXFileReference; lastKnownFileType = sourcecode.c.objc; path = main.m; sourceTree = "<group>"; };
/* End PBXFileReference section */

/* Begin PBXFrameworksBuildPhase section */
		943DBF6527192A5A00CA2E3A /* Frameworks */ = {
			isa = PBXFrameworksBuildPhase;
			buildActionMask = 2147483647;
			files = (
			);
			runOnlyForDeploymentPostprocessing = 0;
		};
/* End PBXFrameworksBuildPhase section */

/* Begin PBXGroup section */
		943DBF5F27192A5A00CA2E3A = {
			isa = PBXGroup;
			children = (
				943DBF6A27192A5A00CA2E3A /* rebase_test */,
				943DBF6927192A5A00CA2E3A /* Products */,
			);
			sourceTree = "<group>";
		};
		943DBF6927192A5A00CA2E3A /* Products */ = {
			isa = PBXGroup;
			children = (
				943DBF6827192A5A00CA2E3A /* rebase_test.app */,
			);
			name = Products;
			sourceTree = "<group>";
		};
		943DBF6A27192A5A00CA2E3A /* rebase_test */ = {
			isa = PBXGroup;
			children = (
				943DBF6B27192A5A00CA2E3A /* AppDelegate.h */,
				943DBF6C27192A5A00CA2E3A /* AppDelegate.m */,
				943DBF6E27192A5A00CA2E3A /* SceneDelegate.h */,
				943DBF6F27192A5A00CA2E3A /* SceneDelegate.m */,
				943DBF7127192A5A00CA2E3A /* ViewController.h */,
				943DBF7227192A5A00CA2E3A /* ViewController.m */,
				943DBF7427192A5A00CA2E3A /* Main.storyboard */,
				943DBF7727192A5E00CA2E3A /* Assets.xcassets */,
				943DBF7927192A5E00CA2E3A /* LaunchScreen.storyboard */,
				943DBF7C27192A5E00CA2E3A /* Info.plist */,
				943DBF7D27192A5E00CA2E3A /* main.m */,
			);
			path = rebase_test;
			sourceTree = "<group>";
		};
/* End PBXGroup section */

/* Begin PBXNativeTarget section */
		943DBF6727192A5A00CA2E3A /* rebase_test */ = {
			isa = PBXNativeTarget;
			buildConfigurationList = 943DBF8127192A5E00CA2E3A /* Build configuration list for PBXNativeTarget "rebase_test" */;
			buildPhases = (
				943DBF6427192A5A00CA2E3A /* Sources */,
				943DBF6527192A5A00CA2E3A /* Frameworks */,
				943DBF6627192A5A00CA2E3A /* Resources */,
			);
			buildRules = (
			);
			dependencies = (
			);
			name = rebase_test;
			productName = rebase_test;
			productReference = 943DBF6827192A5A00CA2E3A /* rebase_test.app */;
			productType = "com.apple.product-type.application";
		};
/* End PBXNativeTarget section */

/* Begin PBXProject section */
		943DBF6027192A5A00CA2E3A /* Project object */ = {
			isa = PBXProject;
			attributes = {
				BuildIndependentTargetsInParallel = 1;
				LastUpgradeCheck = 1300;
				TargetAttributes = {
					943DBF6727192A5A00CA2E3A = {
						CreatedOnToolsVersion = 13.0;
					};
				};
			};
			buildConfigurationList = 943DBF6327192A5A00CA2E3A /* Build configuration list for PBXProject "rebase_test" */;
			compatibilityVersion = "Xcode 13.0";
			developmentRegion = en;
			hasScannedForEncodings = 0;
			knownRegions = (
				en,
				Base,
			);
			mainGroup = 943DBF5F27192A5A00CA2E3A;
			productRefGroup = 943DBF6927192A5A00CA2E3A /* Products */;
			projectDirPath = "";
			projectRoot = "";
			targets = (
				943DBF6727192A5A00CA2E3A /* rebase_test */,
			);
		};
/* End PBXProject section */

/* Begin PBXResourcesBuildPhase section */
		943DBF6627192A5A00CA2E3A /* Resources */ = {
			isa = PBXResourcesBuildPhase;
			buildActionMask = 2147483647;
			files = (
				943DBF7B27192A5E00CA2E3A /* LaunchScreen.storyboard in Resources */,
				943DBF7827192A5E00CA2E3A /* Assets.xcassets in Resources */,
				943DBF7627192A5A00CA2E3A /* Main.storyboard in Resources */,
			);
			runOnlyForDeploymentPostprocessing = 0;
		};
/* End PBXResourcesBuildPhase section */

/* Begin PBXSourcesBuildPhase section */
		943DBF6427192A5A00CA2E3A /* Sources */ = {
			isa = PBXSourcesBuildPhase;
			buildActionMask = 2147483647;
			files = (
				943DBF7327192A5A00CA2E3A /* ViewController.m in Sources */,
				943DBF6D27192A5A00CA2E3A /* AppDelegate.m in Sources */,
				943DBF7E27192A5E00CA2E3A /* main.m in Sources */,
				943DBF7027192A5A00CA2E3A /* SceneDelegate.m in Sources */,
			);
			runOnlyForDeploymentPostprocessing = 0;
		};
/* End PBXSourcesBuildPhase section */

/* Begin PBXVariantGroup section */
		943DBF7427192A5A00CA2E3A /* Main.storyboard */ = {
			isa = PBXVariantGroup;
			children = (
				943DBF7527192A5A00CA2E3A /* Base */,
			);
			name = Main.storyboard;
			sourceTree = "<group>";
		};
		943DBF7927192A5E00CA2E3A /* LaunchScreen.storyboard */ = {
			isa = PBXVariantGroup;
			children = (
				943DBF7A27192A5E00CA2E3A /* Base */,
			);
			name = LaunchScreen.storyboard;
			sourceTree = "<group>";
		};
/* End PBXVariantGroup section */

/* Begin XCBuildConfiguration section */
		943DBF7F27192A5E00CA2E3A /* Debug */ = {
			isa = XCBuildConfiguration;
			buildSettings = {
				ALWAYS_SEARCH_USER_PATHS = NO;
				CLANG_ANALYZER_NONNULL = YES;
				CLANG_ANALYZER_NUMBER_OBJECT_CONVERSION = YES_AGGRESSIVE;
				CLANG_CXX_LANGUAGE_STANDARD = "gnu++17";
				CLANG_CXX_LIBRARY = "libc++";
				CLANG_ENABLE_MODULES = YES;
				CLANG_ENABLE_OBJC_ARC = YES;
				CLANG_ENABLE_OBJC_WEAK = YES;
				CLANG_WARN_BLOCK_CAPTURE_AUTORELEASING = YES;
				CLANG_WARN_BOOL_CONVERSION = YES;
				CLANG_WARN_COMMA = YES;
				CLANG_WARN_CONSTANT_CONVERSION = YES;
				CLANG_WARN_DEPRECATED_OBJC_IMPLEMENTATIONS = YES;
				CLANG_WARN_DIRECT_OBJC_ISA_USAGE = YES_ERROR;
				CLANG_WARN_DOCUMENTATION_COMMENTS = YES;
				CLANG_WARN_EMPTY_BODY = YES;
				CLANG_WARN_ENUM_CONVERSION = YES;
				CLANG_WARN_INFINITE_RECURSION = YES;
				CLANG_WARN_INT_CONVERSION = YES;
				CLANG_WARN_NON_LITERAL_NULL_CONVERSION = YES;
				CLANG_WARN_OBJC_IMPLICIT_RETAIN_SELF = YES;
				CLANG_WARN_OBJC_LITERAL_CONVERSION = YES;
				CLANG_WARN_OBJC_ROOT_CLASS = YES_ERROR;
				CLANG_WARN_QUOTED_INCLUDE_IN_FRAMEWORK_HEADER = YES;
				CLANG_WARN_RANGE_LOOP_ANALYSIS = YES;
				CLANG_WARN_STRICT_PROTOTYPES = YES;
				CLANG_WARN_SUSPICIOUS_MOVE = YES;
				CLANG_WARN_UNGUARDED_AVAILABILITY = YES_AGGRESSIVE;
				CLANG_WARN_UNREACHABLE_CODE = YES;
				CLANG_WARN__DUPLICATE_METHOD_MATCH = YES;
				COPY_PHASE_STRIP = NO;
				DEBUG_INFORMATION_FORMAT = dwarf;
				ENABLE_STRICT_OBJC_MSGSEND = YES;
				ENABLE_TESTABILITY = YES;
				GCC_C_LANGUAGE_STANDARD = gnu11;
				GCC_DYNAMIC_NO_PIC = NO;
				GCC_NO_COMMON_BLOCKS = YES;
				GCC_OPTIMIZATION_LEVEL = 0;
				GCC_PREPROCESSOR_DEFINITIONS = (
					"DEBUG=1",
					"$(inherited)",
				);
				GCC_WARN_64_TO_32_BIT_CONVERSION = YES;
				GCC_WARN_ABOUT_RETURN_TYPE = YES_ERROR;
				GCC_WARN_UNDECLARED_SELECTOR = YES;
				GCC_WARN_UNINITIALIZED_AUTOS = YES_AGGRESSIVE;
				GCC_WARN_UNUSED_FUNCTION = YES;
				GCC_WARN_UNUSED_VARIABLE = YES;
				IPHONEOS_DEPLOYMENT_TARGET = 15.0;
				MTL_ENABLE_DEBUG_INFO = INCLUDE_SOURCE;
				MTL_FAST_MATH = YES;
				ONLY_ACTIVE_ARCH = YES;
				SDKROOT = iphoneos;
			};
			name = Debug;
		};
		943DBF8027192A5E00CA2E3A /* Release */ = {
			isa = XCBuildConfiguration;
			buildSettings = {
				ALWAYS_SEARCH_USER_PATHS = NO;
				CLANG_ANALYZER_NONNULL = YES;
				CLANG_ANALYZER_NUMBER_OBJECT_CONVERSION = YES_AGGRESSIVE;
				CLANG_CXX_LANGUAGE_STANDARD = "gnu++17";
				CLANG_CXX_LIBRARY = "libc++";
				CLANG_ENABLE_MODULES = YES;
				CLANG_ENABLE_OBJC_ARC = YES;
				CLANG_ENABLE_OBJC_WEAK = YES;
				CLANG_WARN_BLOCK_CAPTURE_AUTORELEASING = YES;
				CLANG_WARN_BOOL_CONVERSION = YES;
				CLANG_WARN_COMMA = YES;
				CLANG_WARN_CONSTANT_CONVERSION = YES;
				CLANG_WARN_DEPRECATED_OBJC_IMPLEMENTATIONS = YES;
				CLANG_WARN_DIRECT_OBJC_ISA_USAGE = YES_ERROR;
				CLANG_WARN_DOCUMENTATION_COMMENTS = YES;
				CLANG_WARN_EMPTY_BODY = YES;
				CLANG_WARN_ENUM_CONVERSION = YES;
				CLANG_WARN_INFINITE_RECURSION = YES;
				CLANG_WARN_INT_CONVERSION = YES;
				CLANG_WARN_NON_LITERAL_NULL_CONVERSION = YES;
				CLANG_WARN_OBJC_IMPLICIT_RETAIN_SELF = YES;
				CLANG_WARN_OBJC_LITERAL_CONVERSION = YES;
				CLANG_WARN_OBJC_ROOT_CLASS = YES_ERROR;
				CLANG_WARN_QUOTED_INCLUDE_IN_FRAMEWORK_HEADER = YES;
				CLANG_WARN_RANGE_LOOP_ANALYSIS = YES;
				CLANG_WARN_STRICT_PROTOTYPES = YES;
				CLANG_WARN_SUSPICIOUS_MOVE = YES;
				CLANG_WARN_UNGUARDED_AVAILABILITY = YES_AGGRESSIVE;
				CLANG_WARN_UNREACHABLE_CODE = YES;
				CLANG_WARN__DUPLICATE_METHOD_MATCH = YES;
				COPY_PHASE_STRIP = NO;
				DEBUG_INFORMATION_FORMAT = "dwarf-with-dsym";
				ENABLE_NS_ASSERTIONS = NO;
				ENABLE_STRICT_OBJC_MSGSEND = YES;
				GCC_C_LANGUAGE_STANDARD = gnu11;
				GCC_NO_COMMON_BLOCKS = YES;
				GCC_WARN_64_TO_32_BIT_CONVERSION = YES;
				GCC_WARN_ABOUT_RETURN_TYPE = YES_ERROR;
				GCC_WARN_UNDECLARED_SELECTOR = YES;
				GCC_WARN_UNINITIALIZED_AUTOS = YES_AGGRESSIVE;
				GCC_WARN_UNUSED_FUNCTION = YES;
				GCC_WARN_UNUSED_VARIABLE = YES;
				IPHONEOS_DEPLOYMENT_TARGET = 15.0;
				MTL_ENABLE_DEBUG_INFO = NO;
				MTL_FAST_MATH = YES;
				SDKROOT = iphoneos;
				VALIDATE_PRODUCT = YES;
			};
			name = Release;
		};
		943DBF8227192A5E00CA2E3A /* Debug */ = {
			isa = XCBuildConfiguration;
			buildSettings = {
				ASSETCATALOG_COMPILER_APPICON_NAME = AppIcon;
				ASSETCATALOG_COMPILER_GLOBAL_ACCENT_COLOR_NAME = AccentColor;
				CODE_SIGN_STYLE = Automatic;
				CURRENT_PROJECT_VERSION = 1;
				DEVELOPMENT_TEAM = UBL2DASBSQ;
				GENERATE_INFOPLIST_FILE = YES;
				INFOPLIST_FILE = rebase_test/Info.plist;
				INFOPLIST_KEY_UIApplicationSupportsIndirectInputEvents = YES;
				INFOPLIST_KEY_UILaunchStoryboardName = LaunchScreen;
				INFOPLIST_KEY_UIMainStoryboardFile = Main;
				INFOPLIST_KEY_UISupportedInterfaceOrientations_iPad = "UIInterfaceOrientationPortrait UIInterfaceOrientationPortraitUpsideDown UIInterfaceOrientationLandscapeLeft UIInterfaceOrientationLandscapeRight";
				INFOPLIST_KEY_UISupportedInterfaceOrientations_iPhone = "UIInterfaceOrientationPortrait UIInterfaceOrientationLandscapeLeft UIInterfaceOrientationLandscapeRight";
				LD_RUNPATH_SEARCH_PATHS = (
					"$(inherited)",
					"@executable_path/Frameworks",
				);
				MARKETING_VERSION = 1.0;
				PRODUCT_BUNDLE_IDENTIFIER = "oc.isa.test.beatman.rebase-test";
				PRODUCT_NAME = "$(TARGET_NAME)";
				SWIFT_EMIT_LOC_STRINGS = YES;
				TARGETED_DEVICE_FAMILY = "1,2";
			};
			name = Debug;
		};
		943DBF8327192A5E00CA2E3A /* Release */ = {
			isa = XCBuildConfiguration;
			buildSettings = {
				ASSETCATALOG_COMPILER_APPICON_NAME = AppIcon;
				ASSETCATALOG_COMPILER_GLOBAL_ACCENT_COLOR_NAME = AccentColor;
				CODE_SIGN_STYLE = Automatic;
				CURRENT_PROJECT_VERSION = 1;
				DEVELOPMENT_TEAM = UBL2DASBSQ;
				GENERATE_INFOPLIST_FILE = YES;
				INFOPLIST_FILE = rebase_test/Info.plist;
				INFOPLIST_KEY_UIApplicationSupportsIndirectInputEvents = YES;
				INFOPLIST_KEY_UILaunchStoryboardName = LaunchScreen;
				INFOPLIST_KEY_UIMainStoryboardFile = Main;
				INFOPLIST_KEY_UISupportedInterfaceOrientations_iPad = "UIInterfaceOrientationPortrait UIInterfaceOrientationPortraitUpsideDown UIInterfaceOrientationLandscapeLeft UIInterfaceOrientationLandscapeRight";
				INFOPLIST_KEY_UISupportedInterfaceOrientations_iPhone = "UIInterfaceOrientationPortrait UIInterfaceOrientationLandscapeLeft UIInterfaceOrientationLandscapeRight";
				LD_RUNPATH_SEARCH_PATHS = (
					"$(inherited)",
					"@executable_path/Frameworks",
				);
				MARKETING_VERSION = 1.0;
				PRODUCT_BUNDLE_IDENTIFIER = "oc.isa.test.beatman.rebase-test";
				PRODUCT_NAME = "$(TARGET_NAME)";
				SWIFT_EMIT_LOC_STRINGS = YES;
				TARGETED_DEVICE_FAMILY = "1,2";
			};
			name = Release;
		};
/* End XCBuildConfiguration section */

/* Begin XCConfigurationList section */
		943DBF6327192A5A00CA2E3A /* Build configuration list for PBXProject "rebase_test" */ = {
			isa = XCConfigurationList;
			buildConfigurations = (
				943DBF7F27192A5E00CA2E3A /* Debug */,
				943DBF8027192A5E00CA2E3A /* Release */,
			);
			defaultConfigurationIsVisible = 0;
			defaultConfigurationName = Release;
		};
		943DBF8127192A5E00CA2E3A /* Build configuration list for PBXNativeTarget "rebase_test" */ = {
			isa = XCConfigurationList;
			buildConfigurations = (
				943DBF8227192A5E00CA2E3A /* Debug */,
				943DBF8327192A5E00CA2E3A /* Release */,
			);
			defaultConfigurationIsVisible = 0;
			defaultConfigurationName = Release;
		};
/* End XCConfigurationList section */
	};
	rootObject = 943DBF6027192A5A00CA2E3A /* Project object */;
}
